Microsoft Visual Studio Solution File, Format Version 12.00
# Visual Studio Version 17
VisualStudioVersion = 17.5.2.0
MinimumVisualStudioVersion = 10.0.40219.1
Project("{FAE04EC0-301F-11D3-BF4B-00C04F79EFBC}") = "ECommerce.API", "ECommerce.API\ECommerce.API.csproj", "{F57E33FB-CDB3-6F39-453C-B2F68A5DC768}"
EndProject
Project("{FAE04EC0-301F-11D3-BF4B-00C04F79EFBC}") = "ECommerce.Core", "ECommerce.Core\ECommerce.Core.csproj", "{C839D588-01AA-F7EA-C73D-77D4DF9F1280}"
EndProject
Project("{FAE04EC0-301F-11D3-BF4B-00C04F79EFBC}") = "ECommerce.Infrastructure", "ECommerce.Infrastructure\ECommerce.Infrastructure.csproj", "{5FADC3C0-1F67-920F-5C71-8D15AD76BB65}"
EndProject
Global
	GlobalSection(SolutionConfigurationPlatforms) = preSolution
		Debug|Any CPU = Debug|Any CPU
		Release|Any CPU = Release|Any CPU
	EndGlobalSection
	GlobalSection(ProjectConfigurationPlatforms) = postSolution
		{F57E33FB-CDB3-6F39-453C-B2F68A5DC768}.Debug|Any CPU.ActiveCfg = Debug|Any CPU
		{F57E33FB-CDB3-6F39-453C-B2F68A5DC768}.Debug|Any CPU.Build.0 = Debug|Any CPU
		{F57E33FB-CDB3-6F39-453C-B2F68A5DC768}.Release|Any CPU.ActiveCfg = Release|Any CPU
		{F57E33FB-CDB3-6F39-453C-B2F68A5DC768}.Release|Any CPU.Build.0 = Release|Any CPU
		{C839D588-01AA-F7EA-C73D-77D4DF9F1280}.Debug|Any CPU.ActiveCfg = Debug|Any CPU
		{C839D588-01AA-F7EA-C73D-77D4DF9F1280}.Debug|Any CPU.Build.0 = Debug|Any CPU
		{C839D588-01AA-F7EA-C73D-77D4DF9F1280}.Release|Any CPU.ActiveCfg = Release|Any CPU
		{C839D588-01AA-F7EA-C73D-77D4DF9F1280}.Release|Any CPU.Build.0 = Release|Any CPU
		{5FADC3C0-1F67-920F-5C71-8D15AD76BB65}.Debug|Any CPU.ActiveCfg = Debug|Any CPU
		{5FADC3C0-1F67-920F-5C71-8D15AD76BB65}.Debug|Any CPU.Build.0 = Debug|Any CPU
		{5FADC3C0-1F67-920F-5C71-8D15AD76BB65}.Release|Any CPU.ActiveCfg = Release|Any CPU
		{5FADC3C0-1F67-920F-5C71-8D15AD76BB65}.Release|Any CPU.Build.0 = Release|Any CPU
	EndGlobalSection
	GlobalSection(SolutionProperties) = preSolution
		HideSolutionNode = FALSE
	EndGlobalSection
	GlobalSection(ExtensibilityGlobals) = postSolution
		SolutionGuid = {BC908F57-07F3-49C5-A0BC-B4A25AC30B89}
	EndGlobalSection
EndGlobal
